
Microsoft Visual Studio Solution File, Format Version 12.00
# Visual Studio Version 17
VisualStudioVersion = 17.4.33213.308
MinimumVisualStudioVersion = 10.0.40219.1
Project("{FAE04EC0-301F-11D3-BF4B-00C04F79EFBC}") = "MSQLforCS", "MSQLforCS\MSQLforCS.csproj", "{DA58415D-6845-4FDE-B941-6E17C1EFAACE}"
EndProject
Global
	GlobalSection(SolutionConfigurationPlatforms) = preSolution
		Debug|Any CPU = Debug|Any CPU
		Release|Any CPU = Release|Any CPU
	EndGlobalSection
	GlobalSection(ProjectConfigurationPlatforms) = postSolution
		{DA58415D-6845-4FDE-B941-6E17C1EFAACE}.Debug|Any CPU.ActiveCfg = Debug|Any CPU
		{DA58415D-6845-4FDE-B941-6E17C1EFAACE}.Debug|Any CPU.Build.0 = Debug|Any CPU
		{DA58415D-6845-4FDE-B941-6E17C1EFAACE}.Release|Any CPU.ActiveCfg = Release|Any CPU
		{DA58415D-6845-4FDE-B941-6E17C1EFAACE}.Release|Any CPU.Build.0 = Release|Any CPU
	EndGlobalSection
	GlobalSection(SolutionProperties) = preSolution
		HideSolutionNode = FALSE
	EndGlobalSection
	GlobalSection(ExtensibilityGlobals) = postSolution
		SolutionGuid = {FAFAEEE6-BDD9-4C79-96E2-1B0B3EB3CA88}
	EndGlobalSection
EndGlobal
